// !$*UTF8*$!
{
	archiveVersion = 1;
	classes = {
	};
	objectVersion = 77;
	objects = {

/* Begin PBXBuildFile section */
		859D01652E06E140002E180C /* EFeed.framework in Frameworks */ = {isa = PBXBuildFile; fileRef = 859D015B2E06E13F002E180C /* EFeed.framework */; };
		859D03A92E096A9B002E180C /* EFeed.framework in Frameworks */ = {isa = PBXBuildFile; fileRef = 859D015B2E06E13F002E180C /* EFeed.framework */; };
		859D03B72E096AA7002E180C /* EFeed.framework in Frameworks */ = {isa = PBXBuildFile; fileRef = 859D015B2E06E13F002E180C /* EFeed.framework */; };
		859D03F42E0979F5002E180C /* EFeediOS.framework in Frameworks */ = {isa = PBXBuildFile; fileRef = 859D03E52E0979E9002E180C /* EFeediOS.framework */; };
		859D040A2E097F12002E180C /* EFeed.framework in Frameworks */ = {isa = PBXBuildFile; fileRef = 859D015B2E06E13F002E180C /* EFeed.framework */; };
/* End PBXBuildFile section */

/* Begin PBXContainerItemProxy section */
		859D01662E06E140002E180C /* PBXContainerItemProxy */ = {
			isa = PBXContainerItemProxy;
			containerPortal = 859D01522E06E13F002E180C /* Project object */;
			proxyType = 1;
			remoteGlobalIDString = 859D015A2E06E13F002E180C;
			remoteInfo = EFeed;
		};
		859D03AA2E096A9B002E180C /* PBXContainerItemProxy */ = {
			isa = PBXContainerItemProxy;
			containerPortal = 859D01522E06E13F002E180C /* Project object */;
			proxyType = 1;
			remoteGlobalIDString = 859D015A2E06E13F002E180C;
			remoteInfo = EFeed;
		};
		859D03B82E096AA7002E180C /* PBXContainerItemProxy */ = {
			isa = PBXContainerItemProxy;
			containerPortal = 859D01522E06E13F002E180C /* Project object */;
			proxyType = 1;
			remoteGlobalIDString = 859D015A2E06E13F002E180C;
			remoteInfo = EFeed;
		};
		859D03F52E0979F5002E180C /* PBXContainerItemProxy */ = {
			isa = PBXContainerItemProxy;
			containerPortal = 859D01522E06E13F002E180C /* Project object */;
			proxyType = 1;
			remoteGlobalIDString = 859D03E42E0979E9002E180C;
			remoteInfo = EFeediOS;
		};
		859D040C2E097F12002E180C /* PBXContainerItemProxy */ = {
			isa = PBXContainerItemProxy;
			containerPortal = 859D01522E06E13F002E180C /* Project object */;
			proxyType = 1;
			remoteGlobalIDString = 859D015A2E06E13F002E180C;
			remoteInfo = EFeed;
		};
/* End PBXContainerItemProxy section */

/* Begin PBXCopyFilesBuildPhase section */
		859D040E2E097F12002E180C /* Embed Frameworks */ = {
			isa = PBXCopyFilesBuildPhase;
			buildActionMask = 2147483647;
			dstPath = "";
			dstSubfolderSpec = 10;
			files = (
			);
			name = "Embed Frameworks";
			runOnlyForDeploymentPostprocessing = 0;
		};
/* End PBXCopyFilesBuildPhase section */

/* Begin PBXFileReference section */
		859D015B2E06E13F002E180C /* EFeed.framework */ = {isa = PBXFileReference; explicitFileType = wrapper.framework; includeInIndex = 0; path = EFeed.framework; sourceTree = BUILT_PRODUCTS_DIR; };
		859D01642E06E140002E180C /* EFeedTests.xctest */ = {isa = PBXFileReference; explicitFileType = wrapper.cfbundle; includeInIndex = 0; path = EFeedTests.xctest; sourceTree = BUILT_PRODUCTS_DIR; };
		859D03A52E096A9B002E180C /* EssentialFeedApiEndToEndTests.xctest */ = {isa = PBXFileReference; explicitFileType = wrapper.cfbundle; includeInIndex = 0; path = EssentialFeedApiEndToEndTests.xctest; sourceTree = BUILT_PRODUCTS_DIR; };
		859D03B32E096AA7002E180C /* EssentialFeedCacheIntegrationTests.xctest */ = {isa = PBXFileReference; explicitFileType = wrapper.cfbundle; includeInIndex = 0; path = EssentialFeedCacheIntegrationTests.xctest; sourceTree = BUILT_PRODUCTS_DIR; };
		859D03E52E0979E9002E180C /* EFeediOS.framework */ = {isa = PBXFileReference; explicitFileType = wrapper.framework; includeInIndex = 0; path = EFeediOS.framework; sourceTree = BUILT_PRODUCTS_DIR; };
		859D03F02E0979F5002E180C /* EFeediOSTests.xctest */ = {isa = PBXFileReference; explicitFileType = wrapper.cfbundle; includeInIndex = 0; path = EFeediOSTests.xctest; sourceTree = BUILT_PRODUCTS_DIR; };
/* End PBXFileReference section */

/* Begin PBXFileSystemSynchronizedBuildFileExceptionSet section */
		859D03C32E096B0B002E180C /* Exceptions for "EFeedTests" folder in "EssentialFeedApiEndToEndTests" target */ = {
			isa = PBXFileSystemSynchronizedBuildFileExceptionSet;
			membershipExceptions = (
				FeedCache/Helpers/FeedCacheTestHelpers.swift,
				Helpers/SharedTestHelpers.swift,
				"Helpers/XCTestCase+MemoryLeakTracking.swift",
			);
			target = 859D03A42E096A9B002E180C /* EssentialFeedApiEndToEndTests */;
		};
		859D03C42E096B0B002E180C /* Exceptions for "EFeedTests" folder in "EssentialFeedCacheIntegrationTests" target */ = {
			isa = PBXFileSystemSynchronizedBuildFileExceptionSet;
			membershipExceptions = (
				FeedCache/Helpers/FeedCacheTestHelpers.swift,
				Helpers/SharedTestHelpers.swift,
				"Helpers/XCTestCase+MemoryLeakTracking.swift",
			);
			target = 859D03B22E096AA7002E180C /* EssentialFeedCacheIntegrationTests */;
		};
		859D04452E0A6E1A002E180C /* Exceptions for "EFeedTests" folder in "EFeediOSTests" target */ = {
			isa = PBXFileSystemSynchronizedBuildFileExceptionSet;
			membershipExceptions = (
				Helpers/SharedTestHelpers.swift,
				"Helpers/XCTestCase+MemoryLeakTracking.swift",
			);
			target = 859D03EF2E0979F5002E180C /* EFeediOSTests */;
		};
/* End PBXFileSystemSynchronizedBuildFileExceptionSet section */

/* Begin PBXFileSystemSynchronizedRootGroup section */
		859D015D2E06E13F002E180C /* EFeed */ = {
			isa = PBXFileSystemSynchronizedRootGroup;
			path = EFeed;
			sourceTree = "<group>";
		};
		859D01682E06E140002E180C /* EFeedTests */ = {
			isa = PBXFileSystemSynchronizedRootGroup;
			exceptions = (
				859D03C32E096B0B002E180C /* Exceptions for "EFeedTests" folder in "EssentialFeedApiEndToEndTests" target */,
				859D03C42E096B0B002E180C /* Exceptions for "EFeedTests" folder in "EssentialFeedCacheIntegrationTests" target */,
				859D04452E0A6E1A002E180C /* Exceptions for "EFeedTests" folder in "EFeediOSTests" target */,
			);
			path = EFeedTests;
			sourceTree = "<group>";
		};
		859D03A62E096A9B002E180C /* EssentialFeedApiEndToEndTests */ = {
			isa = PBXFileSystemSynchronizedRootGroup;
			path = EssentialFeedApiEndToEndTests;
			sourceTree = "<group>";
		};
		859D03B42E096AA7002E180C /* EssentialFeedCacheIntegrationTests */ = {
			isa = PBXFileSystemSynchronizedRootGroup;
			path = EssentialFeedCacheIntegrationTests;
			sourceTree = "<group>";
		};
		859D03E62E0979E9002E180C /* EFeediOS */ = {
			isa = PBXFileSystemSynchronizedRootGroup;
			path = EFeediOS;
			sourceTree = "<group>";
		};
		859D03F12E0979F5002E180C /* EFeediOSTests */ = {
			isa = PBXFileSystemSynchronizedRootGroup;
			path = EFeediOSTests;
			sourceTree = "<group>";
		};
/* End PBXFileSystemSynchronizedRootGroup section */

/* Begin PBXFrameworksBuildPhase section */
		859D01582E06E13F002E180C /* Frameworks */ = {
			isa = PBXFrameworksBuildPhase;
			buildActionMask = 2147483647;
			files = (
			);
			runOnlyForDeploymentPostprocessing = 0;
		};
		859D01612E06E140002E180C /* Frameworks */ = {
			isa = PBXFrameworksBuildPhase;
			buildActionMask = 2147483647;
			files = (
				859D01652E06E140002E180C /* EFeed.framework in Frameworks */,
			);
			runOnlyForDeploymentPostprocessing = 0;
		};
		859D03A22E096A9B002E180C /* Frameworks */ = {
			isa = PBXFrameworksBuildPhase;
			buildActionMask = 2147483647;
			files = (
				859D03A92E096A9B002E180C /* EFeed.framework in Frameworks */,
			);
			runOnlyForDeploymentPostprocessing = 0;
		};
		859D03B02E096AA7002E180C /* Frameworks */ = {
			isa = PBXFrameworksBuildPhase;
			buildActionMask = 2147483647;
			files = (
				859D03B72E096AA7002E180C /* EFeed.framework in Frameworks */,
			);
			runOnlyForDeploymentPostprocessing = 0;
		};
		859D03E22E0979E9002E180C /* Frameworks */ = {
			isa = PBXFrameworksBuildPhase;
			buildActionMask = 2147483647;
			files = (
				859D040A2E097F12002E180C /* EFeed.framework in Frameworks */,
			);
			runOnlyForDeploymentPostprocessing = 0;
		};
		859D03ED2E0979F5002E180C /* Frameworks */ = {
			isa = PBXFrameworksBuildPhase;
			buildActionMask = 2147483647;
			files = (
				859D03F42E0979F5002E180C /* EFeediOS.framework in Frameworks */,
			);
			runOnlyForDeploymentPostprocessing = 0;
		};
/* End PBXFrameworksBuildPhase section */

/* Begin PBXGroup section */
		859D01512E06E13F002E180C = {
			isa = PBXGroup;
			children = (
				859D015D2E06E13F002E180C /* EFeed */,
				859D01682E06E140002E180C /* EFeedTests */,
				859D03A62E096A9B002E180C /* EssentialFeedApiEndToEndTests */,
				859D03B42E096AA7002E180C /* EssentialFeedCacheIntegrationTests */,
				859D03E62E0979E9002E180C /* EFeediOS */,
				859D03F12E0979F5002E180C /* EFeediOSTests */,
				859D04092E097F12002E180C /* Frameworks */,
				859D015C2E06E13F002E180C /* Products */,
			);
			sourceTree = "<group>";
		};
		859D015C2E06E13F002E180C /* Products */ = {
			isa = PBXGroup;
			children = (
				859D015B2E06E13F002E180C /* EFeed.framework */,
				859D01642E06E140002E180C /* EFeedTests.xctest */,
				859D03A52E096A9B002E180C /* EssentialFeedApiEndToEndTests.xctest */,
				859D03B32E096AA7002E180C /* EssentialFeedCacheIntegrationTests.xctest */,
				859D03E52E0979E9002E180C /* EFeediOS.framework */,
				859D03F02E0979F5002E180C /* EFeediOSTests.xctest */,
			);
			name = Products;
			sourceTree = "<group>";
		};
		859D04092E097F12002E180C /* Frameworks */ = {
			isa = PBXGroup;
			children = (
			);
			name = Frameworks;
			sourceTree = "<group>";
		};
/* End PBXGroup section */

/* Begin PBXHeadersBuildPhase section */
		859D01562E06E13F002E180C /* Headers */ = {
			isa = PBXHeadersBuildPhase;
			buildActionMask = 2147483647;
			files = (
			);
			runOnlyForDeploymentPostprocessing = 0;
		};
		859D03E02E0979E9002E180C /* Headers */ = {
			isa = PBXHeadersBuildPhase;
			buildActionMask = 2147483647;
			files = (
			);
			runOnlyForDeploymentPostprocessing = 0;
		};
/* End PBXHeadersBuildPhase section */

/* Begin PBXNativeTarget section */
		859D015A2E06E13F002E180C /* EFeed */ = {
			isa = PBXNativeTarget;
			buildConfigurationList = 859D016D2E06E140002E180C /* Build configuration list for PBXNativeTarget "EFeed" */;
			buildPhases = (
				859D01562E06E13F002E180C /* Headers */,
				859D01572E06E13F002E180C /* Sources */,
				859D01582E06E13F002E180C /* Frameworks */,
				859D01592E06E13F002E180C /* Resources */,
			);
			buildRules = (
			);
			dependencies = (
			);
			fileSystemSynchronizedGroups = (
				859D015D2E06E13F002E180C /* EFeed */,
			);
			name = EFeed;
			packageProductDependencies = (
			);
			productName = EFeed;
			productReference = 859D015B2E06E13F002E180C /* EFeed.framework */;
			productType = "com.apple.product-type.framework";
		};
		859D01632E06E140002E180C /* EFeedTests */ = {
			isa = PBXNativeTarget;
			buildConfigurationList = 859D01702E06E140002E180C /* Build configuration list for PBXNativeTarget "EFeedTests" */;
			buildPhases = (
				859D01602E06E140002E180C /* Sources */,
				859D01612E06E140002E180C /* Frameworks */,
				859D01622E06E140002E180C /* Resources */,
			);
			buildRules = (
			);
			dependencies = (
				859D01672E06E140002E180C /* PBXTargetDependency */,
			);
			fileSystemSynchronizedGroups = (
				859D01682E06E140002E180C /* EFeedTests */,
			);
			name = EFeedTests;
			packageProductDependencies = (
			);
			productName = EFeedTests;
			productReference = 859D01642E06E140002E180C /* EFeedTests.xctest */;
			productType = "com.apple.product-type.bundle.unit-test";
		};
		859D03A42E096A9B002E180C /* EssentialFeedApiEndToEndTests */ = {
			isa = PBXNativeTarget;
			buildConfigurationList = 859D03AC2E096A9B002E180C /* Build configuration list for PBXNativeTarget "EssentialFeedApiEndToEndTests" */;
			buildPhases = (
				859D03A12E096A9B002E180C /* Sources */,
				859D03A22E096A9B002E180C /* Frameworks */,
				859D03A32E096A9B002E180C /* Resources */,
			);
			buildRules = (
			);
			dependencies = (
				859D03AB2E096A9B002E180C /* PBXTargetDependency */,
			);
			fileSystemSynchronizedGroups = (
				859D03A62E096A9B002E180C /* EssentialFeedApiEndToEndTests */,
			);
			name = EssentialFeedApiEndToEndTests;
			packageProductDependencies = (
			);
			productName = EssentialFeedApiEndToEndTests;
			productReference = 859D03A52E096A9B002E180C /* EssentialFeedApiEndToEndTests.xctest */;
			productType = "com.apple.product-type.bundle.unit-test";
		};
		859D03B22E096AA7002E180C /* EssentialFeedCacheIntegrationTests */ = {
			isa = PBXNativeTarget;
			buildConfigurationList = 859D03BA2E096AA7002E180C /* Build configuration list for PBXNativeTarget "EssentialFeedCacheIntegrationTests" */;
			buildPhases = (
				859D03AF2E096AA7002E180C /* Sources */,
				859D03B02E096AA7002E180C /* Frameworks */,
				859D03B12E096AA7002E180C /* Resources */,
			);
			buildRules = (
			);
			dependencies = (
				859D03B92E096AA7002E180C /* PBXTargetDependency */,
			);
			fileSystemSynchronizedGroups = (
				859D03B42E096AA7002E180C /* EssentialFeedCacheIntegrationTests */,
			);
			name = EssentialFeedCacheIntegrationTests;
			packageProductDependencies = (
			);
			productName = EssentialFeedCacheIntegrationTests;
			productReference = 859D03B32E096AA7002E180C /* EssentialFeedCacheIntegrationTests.xctest */;
			productType = "com.apple.product-type.bundle.unit-test";
		};
		859D03E42E0979E9002E180C /* EFeediOS */ = {
			isa = PBXNativeTarget;
			buildConfigurationList = 859D03E92E0979E9002E180C /* Build configuration list for PBXNativeTarget "EFeediOS" */;
			buildPhases = (
				859D03E02E0979E9002E180C /* Headers */,
				859D03E12E0979E9002E180C /* Sources */,
				859D03E22E0979E9002E180C /* Frameworks */,
				859D03E32E0979E9002E180C /* Resources */,
				859D040E2E097F12002E180C /* Embed Frameworks */,
			);
			buildRules = (
			);
			dependencies = (
				859D040D2E097F12002E180C /* PBXTargetDependency */,
			);
			fileSystemSynchronizedGroups = (
				859D03E62E0979E9002E180C /* EFeediOS */,
			);
			name = EFeediOS;
			packageProductDependencies = (
			);
			productName = EFeediOS;
			productReference = 859D03E52E0979E9002E180C /* EFeediOS.framework */;
			productType = "com.apple.product-type.framework";
		};
		859D03EF2E0979F5002E180C /* EFeediOSTests */ = {
			isa = PBXNativeTarget;
			buildConfigurationList = 859D03F72E0979F5002E180C /* Build configuration list for PBXNativeTarget "EFeediOSTests" */;
			buildPhases = (
				859D03EC2E0979F5002E180C /* Sources */,
				859D03ED2E0979F5002E180C /* Frameworks */,
				859D03EE2E0979F5002E180C /* Resources */,
			);
			buildRules = (
			);
			dependencies = (
				859D03F62E0979F5002E180C /* PBXTargetDependency */,
			);
			fileSystemSynchronizedGroups = (
				859D03F12E0979F5002E180C /* EFeediOSTests */,
			);
			name = EFeediOSTests;
			packageProductDependencies = (
			);
			productName = EFeediOSTests;
			productReference = 859D03F02E0979F5002E180C /* EFeediOSTests.xctest */;
			productType = "com.apple.product-type.bundle.unit-test";
		};
/* End PBXNativeTarget section */

/* Begin PBXProject section */
		859D01522E06E13F002E180C /* Project object */ = {
			isa = PBXProject;
			attributes = {
				BuildIndependentTargetsInParallel = 1;
				LastSwiftUpdateCheck = 1640;
				LastUpgradeCheck = 1640;
				TargetAttributes = {
					859D015A2E06E13F002E180C = {
						CreatedOnToolsVersion = 16.4;
					};
					859D01632E06E140002E180C = {
						CreatedOnToolsVersion = 16.4;
						LastSwiftMigration = 1640;
					};
					859D03A42E096A9B002E180C = {
						CreatedOnToolsVersion = 16.4;
						LastSwiftMigration = 1640;
					};
					859D03B22E096AA7002E180C = {
						CreatedOnToolsVersion = 16.4;
						LastSwiftMigration = 1640;
					};
					859D03E42E0979E9002E180C = {
						CreatedOnToolsVersion = 16.4;
						LastSwiftMigration = 1640;
					};
					859D03EF2E0979F5002E180C = {
						CreatedOnToolsVersion = 16.4;
					};
				};
			};
			buildConfigurationList = 859D01552E06E13F002E180C /* Build configuration list for PBXProject "EFeed" */;
			developmentRegion = en;
			hasScannedForEncodings = 0;
			knownRegions = (
				en,
				Base,
				el,
				"pt-PT",
			);
			mainGroup = 859D01512E06E13F002E180C;
			minimizedProjectReferenceProxies = 1;
			preferredProjectObjectVersion = 77;
			productRefGroup = 859D015C2E06E13F002E180C /* Products */;
			projectDirPath = "";
			projectRoot = "";
			targets = (
				859D015A2E06E13F002E180C /* EFeed */,
				859D01632E06E140002E180C /* EFeedTests */,
				859D03A42E096A9B002E180C /* EssentialFeedApiEndToEndTests */,
				859D03B22E096AA7002E180C /* EssentialFeedCacheIntegrationTests */,
				859D03E42E0979E9002E180C /* EFeediOS */,
				859D03EF2E0979F5002E180C /* EFeediOSTests */,
			);
		};
/* End PBXProject section */

/* Begin PBXResourcesBuildPhase section */
		859D01592E06E13F002E180C /* Resources */ = {
			isa = PBXResourcesBuildPhase;
			buildActionMask = 2147483647;
			files = (
			);
			runOnlyForDeploymentPostprocessing = 0;
		};
		859D01622E06E140002E180C /* Resources */ = {
			isa = PBXResourcesBuildPhase;
			buildActionMask = 2147483647;
			files = (
			);
			runOnlyForDeploymentPostprocessing = 0;
		};
		859D03A32E096A9B002E180C /* Resources */ = {
			isa = PBXResourcesBuildPhase;
			buildActionMask = 2147483647;
			files = (
			);
			runOnlyForDeploymentPostprocessing = 0;
		};
		859D03B12E096AA7002E180C /* Resources */ = {
			isa = PBXResourcesBuildPhase;
			buildActionMask = 2147483647;
			files = (
			);
			runOnlyForDeploymentPostprocessing = 0;
		};
		859D03E32E0979E9002E180C /* Resources */ = {
			isa = PBXResourcesBuildPhase;
			buildActionMask = 2147483647;
			files = (
			);
			runOnlyForDeploymentPostprocessing = 0;
		};
		859D03EE2E0979F5002E180C /* Resources */ = {
			isa = PBXResourcesBuildPhase;
			buildActionMask = 2147483647;
			files = (
			);
			runOnlyForDeploymentPostprocessing = 0;
		};
/* End PBXResourcesBuildPhase section */

/* Begin PBXSourcesBuildPhase section */
		859D01572E06E13F002E180C /* Sources */ = {
			isa = PBXSourcesBuildPhase;
			buildActionMask = 2147483647;
			files = (
			);
			runOnlyForDeploymentPostprocessing = 0;
		};
		859D01602E06E140002E180C /* Sources */ = {
			isa = PBXSourcesBuildPhase;
			buildActionMask = 2147483647;
			files = (
			);
			runOnlyForDeploymentPostprocessing = 0;
		};
		859D03A12E096A9B002E180C /* Sources */ = {
			isa = PBXSourcesBuildPhase;
			buildActionMask = 2147483647;
			files = (
			);
			runOnlyForDeploymentPostprocessing = 0;
		};
		859D03AF2E096AA7002E180C /* Sources */ = {
			isa = PBXSourcesBuildPhase;
			buildActionMask = 2147483647;
			files = (
			);
			runOnlyForDeploymentPostprocessing = 0;
		};
		859D03E12E0979E9002E180C /* Sources */ = {
			isa = PBXSourcesBuildPhase;
			buildActionMask = 2147483647;
			files = (
			);
			runOnlyForDeploymentPostprocessing = 0;
		};
		859D03EC2E0979F5002E180C /* Sources */ = {
			isa = PBXSourcesBuildPhase;
			buildActionMask = 2147483647;
			files = (
			);
			runOnlyForDeploymentPostprocessing = 0;
		};
/* End PBXSourcesBuildPhase section */

/* Begin PBXTargetDependency section */
		859D01672E06E140002E180C /* PBXTargetDependency */ = {
			isa = PBXTargetDependency;
			target = 859D015A2E06E13F002E180C /* EFeed */;
			targetProxy = 859D01662E06E140002E180C /* PBXContainerItemProxy */;
		};
		859D03AB2E096A9B002E180C /* PBXTargetDependency */ = {
			isa = PBXTargetDependency;
			target = 859D015A2E06E13F002E180C /* EFeed */;
			targetProxy = 859D03AA2E096A9B002E180C /* PBXContainerItemProxy */;
		};
		859D03B92E096AA7002E180C /* PBXTargetDependency */ = {
			isa = PBXTargetDependency;
			target = 859D015A2E06E13F002E180C /* EFeed */;
			targetProxy = 859D03B82E096AA7002E180C /* PBXContainerItemProxy */;
		};
		859D03F62E0979F5002E180C /* PBXTargetDependency */ = {
			isa = PBXTargetDependency;
			target = 859D03E42E0979E9002E180C /* EFeediOS */;
			targetProxy = 859D03F52E0979F5002E180C /* PBXContainerItemProxy */;
		};
		859D040D2E097F12002E180C /* PBXTargetDependency */ = {
			isa = PBXTargetDependency;
			target = 859D015A2E06E13F002E180C /* EFeed */;
			targetProxy = 859D040C2E097F12002E180C /* PBXContainerItemProxy */;
		};
/* End PBXTargetDependency section */

/* Begin XCBuildConfiguration section */
		859D016B2E06E140002E180C /* Debug */ = {
			isa = XCBuildConfiguration;
			buildSettings = {
				ALWAYS_SEARCH_USER_PATHS = NO;
				ASSETCATALOG_COMPILER_GENERATE_SWIFT_ASSET_SYMBOL_EXTENSIONS = YES;
				CLANG_ANALYZER_NONNULL = YES;
				CLANG_ANALYZER_NUMBER_OBJECT_CONVERSION = YES_AGGRESSIVE;
				CLANG_CXX_LANGUAGE_STANDARD = "gnu++20";
				CLANG_ENABLE_MODULES = YES;
				CLANG_ENABLE_OBJC_ARC = YES;
				CLANG_ENABLE_OBJC_WEAK = YES;
				CLANG_WARN_BLOCK_CAPTURE_AUTORELEASING = YES;
				CLANG_WARN_BOOL_CONVERSION = YES;
				CLANG_WARN_COMMA = YES;
				CLANG_WARN_CONSTANT_CONVERSION = YES;
				CLANG_WARN_DEPRECATED_OBJC_IMPLEMENTATIONS = YES;
				CLANG_WARN_DIRECT_OBJC_ISA_USAGE = YES_ERROR;
				CLANG_WARN_DOCUMENTATION_COMMENTS = YES;
				CLANG_WARN_EMPTY_BODY = YES;
				CLANG_WARN_ENUM_CONVERSION = YES;
				CLANG_WARN_INFINITE_RECURSION = YES;
				CLANG_WARN_INT_CONVERSION = YES;
				CLANG_WARN_NON_LITERAL_NULL_CONVERSION = YES;
				CLANG_WARN_OBJC_IMPLICIT_RETAIN_SELF = YES;
				CLANG_WARN_OBJC_LITERAL_CONVERSION = YES;
				CLANG_WARN_OBJC_ROOT_CLASS = YES_ERROR;
				CLANG_WARN_QUOTED_INCLUDE_IN_FRAMEWORK_HEADER = YES;
				CLANG_WARN_RANGE_LOOP_ANALYSIS = YES;
				CLANG_WARN_STRICT_PROTOTYPES = YES;
				CLANG_WARN_SUSPICIOUS_MOVE = YES;
				CLANG_WARN_UNGUARDED_AVAILABILITY = YES_AGGRESSIVE;
				CLANG_WARN_UNREACHABLE_CODE = YES;
				CLANG_WARN__DUPLICATE_METHOD_MATCH = YES;
				COPY_PHASE_STRIP = NO;
				CURRENT_PROJECT_VERSION = 1;
				DEBUG_INFORMATION_FORMAT = dwarf;
				DEVELOPMENT_TEAM = R93AWAT28J;
				ENABLE_STRICT_OBJC_MSGSEND = YES;
				ENABLE_TESTABILITY = YES;
				ENABLE_USER_SCRIPT_SANDBOXING = YES;
				GCC_C_LANGUAGE_STANDARD = gnu17;
				GCC_DYNAMIC_NO_PIC = NO;
				GCC_NO_COMMON_BLOCKS = YES;
				GCC_OPTIMIZATION_LEVEL = 0;
				GCC_PREPROCESSOR_DEFINITIONS = (
					"DEBUG=1",
					"$(inherited)",
				);
				GCC_WARN_64_TO_32_BIT_CONVERSION = YES;
				GCC_WARN_ABOUT_RETURN_TYPE = YES_ERROR;
				GCC_WARN_UNDECLARED_SELECTOR = YES;
				GCC_WARN_UNINITIALIZED_AUTOS = YES_AGGRESSIVE;
				GCC_WARN_UNUSED_FUNCTION = YES;
				GCC_WARN_UNUSED_VARIABLE = YES;
				LOCALIZATION_PREFERS_STRING_CATALOGS = YES;
				MACOSX_DEPLOYMENT_TARGET = 15.5;
				MTL_ENABLE_DEBUG_INFO = INCLUDE_SOURCE;
				MTL_FAST_MATH = YES;
				ONLY_ACTIVE_ARCH = YES;
				SDKROOT = macosx;
				SUPPORTED_PLATFORMS = "iphoneos iphonesimulator";
				SWIFT_ACTIVE_COMPILATION_CONDITIONS = "DEBUG $(inherited)";
				SWIFT_OPTIMIZATION_LEVEL = "-Onone";
				VERSIONING_SYSTEM = "apple-generic";
				VERSION_INFO_PREFIX = "";
			};
			name = Debug;
		};
		859D016C2E06E140002E180C /* Release */ = {
			isa = XCBuildConfiguration;
			buildSettings = {
				ALWAYS_SEARCH_USER_PATHS = NO;
				ASSETCATALOG_COMPILER_GENERATE_SWIFT_ASSET_SYMBOL_EXTENSIONS = YES;
				CLANG_ANALYZER_NONNULL = YES;
				CLANG_ANALYZER_NUMBER_OBJECT_CONVERSION = YES_AGGRESSIVE;
				CLANG_CXX_LANGUAGE_STANDARD = "gnu++20";
				CLANG_ENABLE_MODULES = YES;
				CLANG_ENABLE_OBJC_ARC = YES;
				CLANG_ENABLE_OBJC_WEAK = YES;
				CLANG_WARN_BLOCK_CAPTURE_AUTORELEASING = YES;
				CLANG_WARN_BOOL_CONVERSION = YES;
				CLANG_WARN_COMMA = YES;
				CLANG_WARN_CONSTANT_CONVERSION = YES;
				CLANG_WARN_DEPRECATED_OBJC_IMPLEMENTATIONS = YES;
				CLANG_WARN_DIRECT_OBJC_ISA_USAGE = YES_ERROR;
				CLANG_WARN_DOCUMENTATION_COMMENTS = YES;
				CLANG_WARN_EMPTY_BODY = YES;
				CLANG_WARN_ENUM_CONVERSION = YES;
				CLANG_WARN_INFINITE_RECURSION = YES;
				CLANG_WARN_INT_CONVERSION = YES;
				CLANG_WARN_NON_LITERAL_NULL_CONVERSION = YES;
				CLANG_WARN_OBJC_IMPLICIT_RETAIN_SELF = YES;
				CLANG_WARN_OBJC_LITERAL_CONVERSION = YES;
				CLANG_WARN_OBJC_ROOT_CLASS = YES_ERROR;
				CLANG_WARN_QUOTED_INCLUDE_IN_FRAMEWORK_HEADER = YES;
				CLANG_WARN_RANGE_LOOP_ANALYSIS = YES;
				CLANG_WARN_STRICT_PROTOTYPES = YES;
				CLANG_WARN_SUSPICIOUS_MOVE = YES;
				CLANG_WARN_UNGUARDED_AVAILABILITY = YES_AGGRESSIVE;
				CLANG_WARN_UNREACHABLE_CODE = YES;
				CLANG_WARN__DUPLICATE_METHOD_MATCH = YES;
				COPY_PHASE_STRIP = NO;
				CURRENT_PROJECT_VERSION = 1;
				DEBUG_INFORMATION_FORMAT = "dwarf-with-dsym";
				DEVELOPMENT_TEAM = R93AWAT28J;
				ENABLE_NS_ASSERTIONS = NO;
				ENABLE_STRICT_OBJC_MSGSEND = YES;
				ENABLE_USER_SCRIPT_SANDBOXING = YES;
				GCC_C_LANGUAGE_STANDARD = gnu17;
				GCC_NO_COMMON_BLOCKS = YES;
				GCC_WARN_64_TO_32_BIT_CONVERSION = YES;
				GCC_WARN_ABOUT_RETURN_TYPE = YES_ERROR;
				GCC_WARN_UNDECLARED_SELECTOR = YES;
				GCC_WARN_UNINITIALIZED_AUTOS = YES_AGGRESSIVE;
				GCC_WARN_UNUSED_FUNCTION = YES;
				GCC_WARN_UNUSED_VARIABLE = YES;
				LOCALIZATION_PREFERS_STRING_CATALOGS = YES;
				MACOSX_DEPLOYMENT_TARGET = 15.5;
				MTL_ENABLE_DEBUG_INFO = NO;
				MTL_FAST_MATH = YES;
				SDKROOT = macosx;
				SUPPORTED_PLATFORMS = "iphoneos iphonesimulator";
				SWIFT_COMPILATION_MODE = wholemodule;
				VERSIONING_SYSTEM = "apple-generic";
				VERSION_INFO_PREFIX = "";
			};
			name = Release;
		};
		859D016E2E06E140002E180C /* Debug */ = {
			isa = XCBuildConfiguration;
			buildSettings = {
				BUILD_LIBRARY_FOR_DISTRIBUTION = YES;
				CODE_SIGN_STYLE = Automatic;
				COMBINE_HIDPI_IMAGES = YES;
				CURRENT_PROJECT_VERSION = 1;
				DEVELOPMENT_TEAM = R93AWAT28J;
				DYLIB_COMPATIBILITY_VERSION = 1;
				DYLIB_CURRENT_VERSION = 1;
				DYLIB_INSTALL_NAME_BASE = "@rpath";
				ENABLE_MODULE_VERIFIER = YES;
				GENERATE_INFOPLIST_FILE = YES;
				INFOPLIST_KEY_NSHumanReadableCopyright = "";
				INSTALL_PATH = "$(LOCAL_LIBRARY_DIR)/Frameworks";
				IPHONEOS_DEPLOYMENT_TARGET = 18.0;
				LD_RUNPATH_SEARCH_PATHS = (
					"$(inherited)",
					"@executable_path/../Frameworks",
					"@loader_path/Frameworks",
				);
				MARKETING_VERSION = 1.0;
				MODULE_VERIFIER_SUPPORTED_LANGUAGES = "objective-c objective-c++";
				MODULE_VERIFIER_SUPPORTED_LANGUAGE_STANDARDS = "gnu17 gnu++20";
				PRODUCT_BUNDLE_IDENTIFIER = com.yaremenko.denis.EFeed;
				PRODUCT_NAME = "$(TARGET_NAME:c99extidentifier)";
				SKIP_INSTALL = YES;
				SUPPORTED_PLATFORMS = "iphoneos iphonesimulator macosx";
				SWIFT_EMIT_LOC_STRINGS = YES;
				SWIFT_INSTALL_MODULE = YES;
				SWIFT_INSTALL_OBJC_HEADER = NO;
				SWIFT_VERSION = 5.0;
			};
			name = Debug;
		};
		859D016F2E06E140002E180C /* Release */ = {
			isa = XCBuildConfiguration;
			buildSettings = {
				BUILD_LIBRARY_FOR_DISTRIBUTION = YES;
				CODE_SIGN_STYLE = Automatic;
				COMBINE_HIDPI_IMAGES = YES;
				CURRENT_PROJECT_VERSION = 1;
				DEVELOPMENT_TEAM = R93AWAT28J;
				DYLIB_COMPATIBILITY_VERSION = 1;
				DYLIB_CURRENT_VERSION = 1;
				DYLIB_INSTALL_NAME_BASE = "@rpath";
				ENABLE_MODULE_VERIFIER = YES;
				GENERATE_INFOPLIST_FILE = YES;
				INFOPLIST_KEY_NSHumanReadableCopyright = "";
				INSTALL_PATH = "$(LOCAL_LIBRARY_DIR)/Frameworks";
				IPHONEOS_DEPLOYMENT_TARGET = 18.0;
				LD_RUNPATH_SEARCH_PATHS = (
					"$(inherited)",
					"@executable_path/../Frameworks",
					"@loader_path/Frameworks",
				);
				MARKETING_VERSION = 1.0;
				MODULE_VERIFIER_SUPPORTED_LANGUAGES = "objective-c objective-c++";
				MODULE_VERIFIER_SUPPORTED_LANGUAGE_STANDARDS = "gnu17 gnu++20";
				PRODUCT_BUNDLE_IDENTIFIER = com.yaremenko.denis.EFeed;
				PRODUCT_NAME = "$(TARGET_NAME:c99extidentifier)";
				SKIP_INSTALL = YES;
				SUPPORTED_PLATFORMS = "iphoneos iphonesimulator macosx";
				SWIFT_EMIT_LOC_STRINGS = YES;
				SWIFT_INSTALL_MODULE = YES;
				SWIFT_INSTALL_OBJC_HEADER = NO;
				SWIFT_VERSION = 5.0;
			};
			name = Release;
		};
		859D01712E06E140002E180C /* Debug */ = {
			isa = XCBuildConfiguration;
			buildSettings = {
				CLANG_ENABLE_MODULES = YES;
				CODE_SIGN_STYLE = Automatic;
				CURRENT_PROJECT_VERSION = 1;
				DEVELOPMENT_TEAM = R93AWAT28J;
				GENERATE_INFOPLIST_FILE = YES;
				IPHONEOS_DEPLOYMENT_TARGET = 18.0;
				MACOSX_DEPLOYMENT_TARGET = 14.0;
				MARKETING_VERSION = 1.0;
				PRODUCT_BUNDLE_IDENTIFIER = com.yaremenko.denis.EFeedTests;
				PRODUCT_NAME = "$(TARGET_NAME)";
				SUPPORTED_PLATFORMS = "iphoneos iphonesimulator macosx";
				SWIFT_EMIT_LOC_STRINGS = NO;
				SWIFT_OPTIMIZATION_LEVEL = "-Onone";
				SWIFT_VERSION = 5.0;
			};
			name = Debug;
		};
		859D01722E06E140002E180C /* Release */ = {
			isa = XCBuildConfiguration;
			buildSettings = {
				CLANG_ENABLE_MODULES = YES;
				CODE_SIGN_STYLE = Automatic;
				CURRENT_PROJECT_VERSION = 1;
				DEVELOPMENT_TEAM = R93AWAT28J;
				GENERATE_INFOPLIST_FILE = YES;
				IPHONEOS_DEPLOYMENT_TARGET = 18.0;
				MACOSX_DEPLOYMENT_TARGET = 14.0;
				MARKETING_VERSION = 1.0;
				PRODUCT_BUNDLE_IDENTIFIER = com.yaremenko.denis.EFeedTests;
				PRODUCT_NAME = "$(TARGET_NAME)";
				SUPPORTED_PLATFORMS = "iphoneos iphonesimulator macosx";
				SWIFT_EMIT_LOC_STRINGS = NO;
				SWIFT_VERSION = 5.0;
			};
			name = Release;
		};
		859D03AD2E096A9B002E180C /* Debug */ = {
			isa = XCBuildConfiguration;
			buildSettings = {
				CLANG_ENABLE_MODULES = YES;
				CODE_SIGN_STYLE = Automatic;
				CURRENT_PROJECT_VERSION = 1;
				DEVELOPMENT_TEAM = R93AWAT28J;
				GENERATE_INFOPLIST_FILE = YES;
				IPHONEOS_DEPLOYMENT_TARGET = 18.0;
				MARKETING_VERSION = 1.0;
				PRODUCT_BUNDLE_IDENTIFIER = com.yaremenko.denis.EssentialFeedApiEndToEndTests;
				PRODUCT_NAME = "$(TARGET_NAME)";
				SUPPORTED_PLATFORMS = "iphoneos iphonesimulator macosx";
				SWIFT_EMIT_LOC_STRINGS = NO;
				SWIFT_OPTIMIZATION_LEVEL = "-Onone";
				SWIFT_VERSION = 5.0;
			};
			name = Debug;
		};
		859D03AE2E096A9B002E180C /* Release */ = {
			isa = XCBuildConfiguration;
			buildSettings = {
				CLANG_ENABLE_MODULES = YES;
				CODE_SIGN_STYLE = Automatic;
				CURRENT_PROJECT_VERSION = 1;
				DEVELOPMENT_TEAM = R93AWAT28J;
				GENERATE_INFOPLIST_FILE = YES;
				IPHONEOS_DEPLOYMENT_TARGET = 18.0;
				MARKETING_VERSION = 1.0;
				PRODUCT_BUNDLE_IDENTIFIER = com.yaremenko.denis.EssentialFeedApiEndToEndTests;
				PRODUCT_NAME = "$(TARGET_NAME)";
				SUPPORTED_PLATFORMS = "iphoneos iphonesimulator macosx";
				SWIFT_EMIT_LOC_STRINGS = NO;
				SWIFT_VERSION = 5.0;
			};
			name = Release;
		};
		859D03BB2E096AA7002E180C /* Debug */ = {
			isa = XCBuildConfiguration;
			buildSettings = {
				CLANG_ENABLE_MODULES = YES;
				CODE_SIGN_STYLE = Automatic;
				CURRENT_PROJECT_VERSION = 1;
				DEVELOPMENT_TEAM = R93AWAT28J;
				GENERATE_INFOPLIST_FILE = YES;
				IPHONEOS_DEPLOYMENT_TARGET = 18.0;
				MARKETING_VERSION = 1.0;
				PRODUCT_BUNDLE_IDENTIFIER = com.yaremenko.denis.EssentialFeedCacheIntegrationTests;
				PRODUCT_NAME = "$(TARGET_NAME)";
				SUPPORTED_PLATFORMS = "iphoneos iphonesimulator macosx";
				SWIFT_EMIT_LOC_STRINGS = NO;
				SWIFT_OPTIMIZATION_LEVEL = "-Onone";
				SWIFT_VERSION = 5.0;
			};
			name = Debug;
		};
		859D03BC2E096AA7002E180C /* Release */ = {
			isa = XCBuildConfiguration;
			buildSettings = {
				CLANG_ENABLE_MODULES = YES;
				CODE_SIGN_STYLE = Automatic;
				CURRENT_PROJECT_VERSION = 1;
				DEVELOPMENT_TEAM = R93AWAT28J;
				GENERATE_INFOPLIST_FILE = YES;
				IPHONEOS_DEPLOYMENT_TARGET = 18.0;
				MARKETING_VERSION = 1.0;
				PRODUCT_BUNDLE_IDENTIFIER = com.yaremenko.denis.EssentialFeedCacheIntegrationTests;
				PRODUCT_NAME = "$(TARGET_NAME)";
				SUPPORTED_PLATFORMS = "iphoneos iphonesimulator macosx";
				SWIFT_EMIT_LOC_STRINGS = NO;
				SWIFT_VERSION = 5.0;
			};
			name = Release;
		};
		859D03EA2E0979E9002E180C /* Debug */ = {
			isa = XCBuildConfiguration;
			buildSettings = {
				BUILD_LIBRARY_FOR_DISTRIBUTION = YES;
				CLANG_ENABLE_MODULES = YES;
				CODE_SIGN_STYLE = Automatic;
				CURRENT_PROJECT_VERSION = 1;
				DEFINES_MODULE = YES;
				DEVELOPMENT_TEAM = R93AWAT28J;
				DYLIB_COMPATIBILITY_VERSION = 1;
				DYLIB_CURRENT_VERSION = 1;
				DYLIB_INSTALL_NAME_BASE = "@rpath";
				ENABLE_MODULE_VERIFIER = YES;
				GENERATE_INFOPLIST_FILE = YES;
				INFOPLIST_KEY_NSHumanReadableCopyright = "";
				INSTALL_PATH = "$(LOCAL_LIBRARY_DIR)/Frameworks";
				IPHONEOS_DEPLOYMENT_TARGET = 18.0;
				LD_RUNPATH_SEARCH_PATHS = (
					"$(inherited)",
					"@executable_path/Frameworks",
					"@loader_path/Frameworks",
				);
				MARKETING_VERSION = 1.0;
				MODULE_VERIFIER_SUPPORTED_LANGUAGES = "objective-c objective-c++";
				MODULE_VERIFIER_SUPPORTED_LANGUAGE_STANDARDS = "gnu17 gnu++20";
				PRODUCT_BUNDLE_IDENTIFIER = com.yaremenko.denis.EFeediOS;
				PRODUCT_NAME = "$(TARGET_NAME:c99extidentifier)";
				SDKROOT = iphoneos;
				SKIP_INSTALL = YES;
				SWIFT_EMIT_LOC_STRINGS = YES;
				SWIFT_INSTALL_MODULE = YES;
				SWIFT_INSTALL_OBJC_HEADER = NO;
				SWIFT_OPTIMIZATION_LEVEL = "-Onone";
				SWIFT_VERSION = 5.0;
				TARGETED_DEVICE_FAMILY = "1,2";
			};
			name = Debug;
		};
		859D03EB2E0979E9002E180C /* Release */ = {
			isa = XCBuildConfiguration;
			buildSettings = {
				BUILD_LIBRARY_FOR_DISTRIBUTION = YES;
				CLANG_ENABLE_MODULES = YES;
				CODE_SIGN_STYLE = Automatic;
				CURRENT_PROJECT_VERSION = 1;
				DEFINES_MODULE = YES;
				DEVELOPMENT_TEAM = R93AWAT28J;
				DYLIB_COMPATIBILITY_VERSION = 1;
				DYLIB_CURRENT_VERSION = 1;
				DYLIB_INSTALL_NAME_BASE = "@rpath";
				ENABLE_MODULE_VERIFIER = YES;
				GENERATE_INFOPLIST_FILE = YES;
				INFOPLIST_KEY_NSHumanReadableCopyright = "";
				INSTALL_PATH = "$(LOCAL_LIBRARY_DIR)/Frameworks";
				IPHONEOS_DEPLOYMENT_TARGET = 18.0;
				LD_RUNPATH_SEARCH_PATHS = (
					"$(inherited)",
					"@executable_path/Frameworks",
					"@loader_path/Frameworks",
				);
				MARKETING_VERSION = 1.0;
				MODULE_VERIFIER_SUPPORTED_LANGUAGES = "objective-c objective-c++";
				MODULE_VERIFIER_SUPPORTED_LANGUAGE_STANDARDS = "gnu17 gnu++20";
				PRODUCT_BUNDLE_IDENTIFIER = com.yaremenko.denis.EFeediOS;
				PRODUCT_NAME = "$(TARGET_NAME:c99extidentifier)";
				SDKROOT = iphoneos;
				SKIP_INSTALL = YES;
				SWIFT_EMIT_LOC_STRINGS = YES;
				SWIFT_INSTALL_MODULE = YES;
				SWIFT_INSTALL_OBJC_HEADER = NO;
				SWIFT_VERSION = 5.0;
				TARGETED_DEVICE_FAMILY = "1,2";
				VALIDATE_PRODUCT = YES;
			};
			name = Release;
		};
		859D03F82E0979F5002E180C /* Debug */ = {
			isa = XCBuildConfiguration;
			buildSettings = {
				CODE_SIGN_STYLE = Automatic;
				CURRENT_PROJECT_VERSION = 1;
				DEVELOPMENT_TEAM = R93AWAT28J;
				GENERATE_INFOPLIST_FILE = YES;
				IPHONEOS_DEPLOYMENT_TARGET = 18.0;
				MARKETING_VERSION = 1.0;
				PRODUCT_BUNDLE_IDENTIFIER = com.yaremenko.denis.EFeediOSTests;
				PRODUCT_NAME = "$(TARGET_NAME)";
				SDKROOT = iphoneos;
				SWIFT_EMIT_LOC_STRINGS = NO;
				SWIFT_VERSION = 5.0;
				TARGETED_DEVICE_FAMILY = "1,2";
			};
			name = Debug;
		};
		859D03F92E0979F5002E180C /* Release */ = {
			isa = XCBuildConfiguration;
			buildSettings = {
				CODE_SIGN_STYLE = Automatic;
				CURRENT_PROJECT_VERSION = 1;
				DEVELOPMENT_TEAM = R93AWAT28J;
				GENERATE_INFOPLIST_FILE = YES;
				IPHONEOS_DEPLOYMENT_TARGET = 18.0;
				MARKETING_VERSION = 1.0;
				PRODUCT_BUNDLE_IDENTIFIER = com.yaremenko.denis.EFeediOSTests;
				PRODUCT_NAME = "$(TARGET_NAME)";
				SDKROOT = iphoneos;
				SWIFT_EMIT_LOC_STRINGS = NO;
				SWIFT_VERSION = 5.0;
				TARGETED_DEVICE_FAMILY = "1,2";
				VALIDATE_PRODUCT = YES;
			};
			name = Release;
		};
/* End XCBuildConfiguration section */

/* Begin XCConfigurationList section */
		859D01552E06E13F002E180C /* Build configuration list for PBXProject "EFeed" */ = {
			isa = XCConfigurationList;
			buildConfigurations = (
				859D016B2E06E140002E180C /* Debug */,
				859D016C2E06E140002E180C /* Release */,
			);
			defaultConfigurationIsVisible = 0;
			defaultConfigurationName = Release;
		};
		859D016D2E06E140002E180C /* Build configuration list for PBXNativeTarget "EFeed" */ = {
			isa = XCConfigurationList;
			buildConfigurations = (
				859D016E2E06E140002E180C /* Debug */,
				859D016F2E06E140002E180C /* Release */,
			);
			defaultConfigurationIsVisible = 0;
			defaultConfigurationName = Release;
		};
		859D01702E06E140002E180C /* Build configuration list for PBXNativeTarget "EFeedTests" */ = {
			isa = XCConfigurationList;
			buildConfigurations = (
				859D01712E06E140002E180C /* Debug */,
				859D01722E06E140002E180C /* Release */,
			);
			defaultConfigurationIsVisible = 0;
			defaultConfigurationName = Release;
		};
		859D03AC2E096A9B002E180C /* Build configuration list for PBXNativeTarget "EssentialFeedApiEndToEndTests" */ = {
			isa = XCConfigurationList;
			buildConfigurations = (
				859D03AD2E096A9B002E180C /* Debug */,
				859D03AE2E096A9B002E180C /* Release */,
			);
			defaultConfigurationIsVisible = 0;
			defaultConfigurationName = Release;
		};
		859D03BA2E096AA7002E180C /* Build configuration list for PBXNativeTarget "EssentialFeedCacheIntegrationTests" */ = {
			isa = XCConfigurationList;
			buildConfigurations = (
				859D03BB2E096AA7002E180C /* Debug */,
				859D03BC2E096AA7002E180C /* Release */,
			);
			defaultConfigurationIsVisible = 0;
			defaultConfigurationName = Release;
		};
		859D03E92E0979E9002E180C /* Build configuration list for PBXNativeTarget "EFeediOS" */ = {
			isa = XCConfigurationList;
			buildConfigurations = (
				859D03EA2E0979E9002E180C /* Debug */,
				859D03EB2E0979E9002E180C /* Release */,
			);
			defaultConfigurationIsVisible = 0;
			defaultConfigurationName = Release;
		};
		859D03F72E0979F5002E180C /* Build configuration list for PBXNativeTarget "EFeediOSTests" */ = {
			isa = XCConfigurationList;
			buildConfigurations = (
				859D03F82E0979F5002E180C /* Debug */,
				859D03F92E0979F5002E180C /* Release */,
			);
			defaultConfigurationIsVisible = 0;
			defaultConfigurationName = Release;
		};
/* End XCConfigurationList section */
	};
	rootObject = 859D01522E06E13F002E180C /* Project object */;
}
